
Microsoft Visual Studio Solution File, Format Version 12.00
# Visual Studio Version 16
VisualStudioVersion = 16.0.31624.102
MinimumVisualStudioVersion = 10.0.40219.1
Project("{FAE04EC0-301F-11D3-BF4B-00C04F79EFBC}") = "MyFirstConsoleApplication4", "MyFirstConsoleApplication4.csproj", "{042A72C8-D484-4E06-B59D-FAD4EAE07B1E}"
EndProject
Global
	GlobalSection(SolutionConfigurationPlatforms) = preSolution
		Debug|Any CPU = Debug|Any CPU
		Release|Any CPU = Release|Any CPU
	EndGlobalSection
	GlobalSection(ProjectConfigurationPlatforms) = postSolution
		{042A72C8-D484-4E06-B59D-FAD4EAE07B1E}.Debug|Any CPU.ActiveCfg = Debug|Any CPU
		{042A72C8-D484-4E06-B59D-FAD4EAE07B1E}.Debug|Any CPU.Build.0 = Debug|Any CPU
		{042A72C8-D484-4E06-B59D-FAD4EAE07B1E}.Release|Any CPU.ActiveCfg = Release|Any CPU
		{042A72C8-D484-4E06-B59D-FAD4EAE07B1E}.Release|Any CPU.Build.0 = Release|Any CPU
	EndGlobalSection
	GlobalSection(SolutionProperties) = preSolution
		HideSolutionNode = FALSE
	EndGlobalSection
	GlobalSection(ExtensibilityGlobals) = postSolution
		SolutionGuid = {B1648B54-F63E-4967-9A8D-D0D2D5BE5036}
	EndGlobalSection
EndGlobal
