
Microsoft Visual Studio Solution File, Format Version 12.00
# Visual Studio Version 16
VisualStudioVersion = 16.0.31624.102
MinimumVisualStudioVersion = 10.0.40219.1
Project("{FAE04EC0-301F-11D3-BF4B-00C04F79EFBC}") = "Notes.Android", "Notes.Android\Notes.Android.csproj", "{14FCA4FA-9D0B-4F79-8EC4-A0680E7CD00D}"
EndProject
Project("{FAE04EC0-301F-11D3-BF4B-00C04F79EFBC}") = "Notes.iOS", "Notes.iOS\Notes.iOS.csproj", "{378061F0-97B5-4DEF-93AA-5F27AA5D6645}"
EndProject
Project("{FAE04EC0-301F-11D3-BF4B-00C04F79EFBC}") = "Notes", "Notes\Notes.csproj", "{4DABA253-89C5-4D69-8AE4-C57691F0CBDE}"
EndProject
Global
	GlobalSection(SolutionConfigurationPlatforms) = preSolution
		Debug|Any CPU = Debug|Any CPU
		Debug|iPhone = Debug|iPhone
		Debug|iPhoneSimulator = Debug|iPhoneSimulator
		Release|Any CPU = Release|Any CPU
		Release|iPhone = Release|iPhone
		Release|iPhoneSimulator = Release|iPhoneSimulator
	EndGlobalSection
	GlobalSection(ProjectConfigurationPlatforms) = postSolution
		{14FCA4FA-9D0B-4F79-8EC4-A0680E7CD00D}.Debug|Any CPU.ActiveCfg = Debug|Any CPU
		{14FCA4FA-9D0B-4F79-8EC4-A0680E7CD00D}.Debug|Any CPU.Build.0 = Debug|Any CPU
		{14FCA4FA-9D0B-4F79-8EC4-A0680E7CD00D}.Debug|Any CPU.Deploy.0 = Debug|Any CPU
		{14FCA4FA-9D0B-4F79-8EC4-A0680E7CD00D}.Debug|iPhone.ActiveCfg = Debug|Any CPU
		{14FCA4FA-9D0B-4F79-8EC4-A0680E7CD00D}.Debug|iPhone.Build.0 = Debug|Any CPU
		{14FCA4FA-9D0B-4F79-8EC4-A0680E7CD00D}.Debug|iPhone.Deploy.0 = Debug|Any CPU
		{14FCA4FA-9D0B-4F79-8EC4-A0680E7CD00D}.Debug|iPhoneSimulator.ActiveCfg = Debug|Any CPU
		{14FCA4FA-9D0B-4F79-8EC4-A0680E7CD00D}.Debug|iPhoneSimulator.Build.0 = Debug|Any CPU
		{14FCA4FA-9D0B-4F79-8EC4-A0680E7CD00D}.Debug|iPhoneSimulator.Deploy.0 = Debug|Any CPU
		{14FCA4FA-9D0B-4F79-8EC4-A0680E7CD00D}.Release|Any CPU.ActiveCfg = Release|Any CPU
		{14FCA4FA-9D0B-4F79-8EC4-A0680E7CD00D}.Release|Any CPU.Build.0 = Release|Any CPU
		{14FCA4FA-9D0B-4F79-8EC4-A0680E7CD00D}.Release|Any CPU.Deploy.0 = Release|Any CPU
		{14FCA4FA-9D0B-4F79-8EC4-A0680E7CD00D}.Release|iPhone.ActiveCfg = Release|Any CPU
		{14FCA4FA-9D0B-4F79-8EC4-A0680E7CD00D}.Release|iPhone.Build.0 = Release|Any CPU
		{14FCA4FA-9D0B-4F79-8EC4-A0680E7CD00D}.Release|iPhone.Deploy.0 = Release|Any CPU
		{14FCA4FA-9D0B-4F79-8EC4-A0680E7CD00D}.Release|iPhoneSimulator.ActiveCfg = Release|Any CPU
		{14FCA4FA-9D0B-4F79-8EC4-A0680E7CD00D}.Release|iPhoneSimulator.Build.0 = Release|Any CPU
		{14FCA4FA-9D0B-4F79-8EC4-A0680E7CD00D}.Release|iPhoneSimulator.Deploy.0 = Release|Any CPU
		{378061F0-97B5-4DEF-93AA-5F27AA5D6645}.Debug|Any CPU.ActiveCfg = Debug|iPhone
		{378061F0-97B5-4DEF-93AA-5F27AA5D6645}.Debug|Any CPU.Build.0 = Debug|iPhone
		{378061F0-97B5-4DEF-93AA-5F27AA5D6645}.Debug|Any CPU.Deploy.0 = Debug|iPhone
		{378061F0-97B5-4DEF-93AA-5F27AA5D6645}.Debug|iPhone.ActiveCfg = Debug|iPhone
		{378061F0-97B5-4DEF-93AA-5F27AA5D6645}.Debug|iPhone.Build.0 = Debug|iPhone
		{378061F0-97B5-4DEF-93AA-5F27AA5D6645}.Debug|iPhone.Deploy.0 = Debug|iPhone
		{378061F0-97B5-4DEF-93AA-5F27AA5D6645}.Debug|iPhoneSimulator.ActiveCfg = Debug|iPhoneSimulator
		{378061F0-97B5-4DEF-93AA-5F27AA5D6645}.Debug|iPhoneSimulator.Build.0 = Debug|iPhoneSimulator
		{378061F0-97B5-4DEF-93AA-5F27AA5D6645}.Debug|iPhoneSimulator.Deploy.0 = Debug|iPhoneSimulator
		{378061F0-97B5-4DEF-93AA-5F27AA5D6645}.Release|Any CPU.ActiveCfg = Release|iPhoneSimulator
		{378061F0-97B5-4DEF-93AA-5F27AA5D6645}.Release|Any CPU.Build.0 = Release|iPhoneSimulator
		{378061F0-97B5-4DEF-93AA-5F27AA5D6645}.Release|Any CPU.Deploy.0 = Release|iPhoneSimulator
		{378061F0-97B5-4DEF-93AA-5F27AA5D6645}.Release|iPhone.ActiveCfg = Release|iPhone
		{378061F0-97B5-4DEF-93AA-5F27AA5D6645}.Release|iPhone.Build.0 = Release|iPhone
		{378061F0-97B5-4DEF-93AA-5F27AA5D6645}.Release|iPhone.Deploy.0 = Release|iPhone
		{378061F0-97B5-4DEF-93AA-5F27AA5D6645}.Release|iPhoneSimulator.ActiveCfg = Release|iPhoneSimulator
		{378061F0-97B5-4DEF-93AA-5F27AA5D6645}.Release|iPhoneSimulator.Build.0 = Release|iPhoneSimulator
		{378061F0-97B5-4DEF-93AA-5F27AA5D6645}.Release|iPhoneSimulator.Deploy.0 = Release|iPhoneSimulator
		{4DABA253-89C5-4D69-8AE4-C57691F0CBDE}.Debug|Any CPU.ActiveCfg = Debug|Any CPU
		{4DABA253-89C5-4D69-8AE4-C57691F0CBDE}.Debug|Any CPU.Build.0 = Debug|Any CPU
		{4DABA253-89C5-4D69-8AE4-C57691F0CBDE}.Debug|Any CPU.Deploy.0 = Debug|Any CPU
		{4DABA253-89C5-4D69-8AE4-C57691F0CBDE}.Debug|iPhone.ActiveCfg = Debug|Any CPU
		{4DABA253-89C5-4D69-8AE4-C57691F0CBDE}.Debug|iPhone.Build.0 = Debug|Any CPU
		{4DABA253-89C5-4D69-8AE4-C57691F0CBDE}.Debug|iPhone.Deploy.0 = Debug|Any CPU
		{4DABA253-89C5-4D69-8AE4-C57691F0CBDE}.Debug|iPhoneSimulator.ActiveCfg = Debug|Any CPU
		{4DABA253-89C5-4D69-8AE4-C57691F0CBDE}.Debug|iPhoneSimulator.Build.0 = Debug|Any CPU
		{4DABA253-89C5-4D69-8AE4-C57691F0CBDE}.Debug|iPhoneSimulator.Deploy.0 = Debug|Any CPU
		{4DABA253-89C5-4D69-8AE4-C57691F0CBDE}.Release|Any CPU.ActiveCfg = Release|Any CPU
		{4DABA253-89C5-4D69-8AE4-C57691F0CBDE}.Release|Any CPU.Build.0 = Release|Any CPU
		{4DABA253-89C5-4D69-8AE4-C57691F0CBDE}.Release|Any CPU.Deploy.0 = Release|Any CPU
		{4DABA253-89C5-4D69-8AE4-C57691F0CBDE}.Release|iPhone.ActiveCfg = Release|Any CPU
		{4DABA253-89C5-4D69-8AE4-C57691F0CBDE}.Release|iPhone.Build.0 = Release|Any CPU
		{4DABA253-89C5-4D69-8AE4-C57691F0CBDE}.Release|iPhone.Deploy.0 = Release|Any CPU
		{4DABA253-89C5-4D69-8AE4-C57691F0CBDE}.Release|iPhoneSimulator.ActiveCfg = Release|Any CPU
		{4DABA253-89C5-4D69-8AE4-C57691F0CBDE}.Release|iPhoneSimulator.Build.0 = Release|Any CPU
		{4DABA253-89C5-4D69-8AE4-C57691F0CBDE}.Release|iPhoneSimulator.Deploy.0 = Release|Any CPU
	EndGlobalSection
	GlobalSection(SolutionProperties) = preSolution
		HideSolutionNode = FALSE
	EndGlobalSection
	GlobalSection(ExtensibilityGlobals) = postSolution
		SolutionGuid = {648D0B13-D608-4183-8710-794F87AF84DF}
	EndGlobalSection
EndGlobal
